
Microsoft Visual Studio Solution File, Format Version 12.00
# Visual Studio Version 17
VisualStudioVersion = 17.13.35919.96 d17.13
MinimumVisualStudioVersion = 10.0.40219.1
Project("{8BC9CEB8-8B4A-11D0-8D11-00A0C91BC942}") = "HKDrv", "HKDrv.vcxproj", "{0F396263-237C-4A21-9ED6-596D735E6C4A}"
EndProject
Global
	GlobalSection(SolutionConfigurationPlatforms) = preSolution
		Debug|ARM = Debug|ARM
		Debug|ARM64 = Debug|ARM64
		Debug|x64 = Debug|x64
		Debug|x86 = Debug|x86
		Release|ARM = Release|ARM
		Release|ARM64 = Release|ARM64
		Release|x64 = Release|x64
		Release|x86 = Release|x86
	EndGlobalSection
	GlobalSection(ProjectConfigurationPlatforms) = postSolution
		{0F396263-237C-4A21-9ED6-596D735E6C4A}.Debug|ARM.ActiveCfg = Debug|ARM
		{0F396263-237C-4A21-9ED6-596D735E6C4A}.Debug|ARM.Build.0 = Debug|ARM
		{0F396263-237C-4A21-9ED6-596D735E6C4A}.Debug|ARM.Deploy.0 = Debug|ARM
		{0F396263-237C-4A21-9ED6-596D735E6C4A}.Debug|ARM64.ActiveCfg = Debug|ARM64
		{0F396263-237C-4A21-9ED6-596D735E6C4A}.Debug|ARM64.Build.0 = Debug|ARM64
		{0F396263-237C-4A21-9ED6-596D735E6C4A}.Debug|ARM64.Deploy.0 = Debug|ARM64
		{0F396263-237C-4A21-9ED6-596D735E6C4A}.Debug|x64.ActiveCfg = Debug|x64
		{0F396263-237C-4A21-9ED6-596D735E6C4A}.Debug|x64.Build.0 = Debug|x64
		{0F396263-237C-4A21-9ED6-596D735E6C4A}.Debug|x64.Deploy.0 = Debug|x64
		{0F396263-237C-4A21-9ED6-596D735E6C4A}.Debug|x86.ActiveCfg = Debug|Win32
		{0F396263-237C-4A21-9ED6-596D735E6C4A}.Debug|x86.Build.0 = Debug|Win32
		{0F396263-237C-4A21-9ED6-596D735E6C4A}.Debug|x86.Deploy.0 = Debug|Win32
		{0F396263-237C-4A21-9ED6-596D735E6C4A}.Release|ARM.ActiveCfg = Release|ARM
		{0F396263-237C-4A21-9ED6-596D735E6C4A}.Release|ARM.Build.0 = Release|ARM
		{0F396263-237C-4A21-9ED6-596D735E6C4A}.Release|ARM.Deploy.0 = Release|ARM
		{0F396263-237C-4A21-9ED6-596D735E6C4A}.Release|ARM64.ActiveCfg = Release|ARM64
		{0F396263-237C-4A21-9ED6-596D735E6C4A}.Release|ARM64.Build.0 = Release|ARM64
		{0F396263-237C-4A21-9ED6-596D735E6C4A}.Release|ARM64.Deploy.0 = Release|ARM64
		{0F396263-237C-4A21-9ED6-596D735E6C4A}.Release|x64.ActiveCfg = Release|x64
		{0F396263-237C-4A21-9ED6-596D735E6C4A}.Release|x64.Build.0 = Release|x64
		{0F396263-237C-4A21-9ED6-596D735E6C4A}.Release|x64.Deploy.0 = Release|x64
		{0F396263-237C-4A21-9ED6-596D735E6C4A}.Release|x86.ActiveCfg = Release|Win32
		{0F396263-237C-4A21-9ED6-596D735E6C4A}.Release|x86.Build.0 = Release|Win32
		{0F396263-237C-4A21-9ED6-596D735E6C4A}.Release|x86.Deploy.0 = Release|Win32
	EndGlobalSection
	GlobalSection(SolutionProperties) = preSolution
		HideSolutionNode = FALSE
	EndGlobalSection
	GlobalSection(ExtensibilityGlobals) = postSolution
		SolutionGuid = {73CA0C60-546A-48E7-AC8F-579090E360A9}
	EndGlobalSection
EndGlobal
